Microsoft Visual Studio Solution File, Format Version 12.00
# Visual Studio 2012
Project("{FAE04EC0-301F-11D3-BF4B-00C04F79EFBC}") = "Godot 4 Git-template", "Godot 4 Git-template.csproj", "{EECF4DF0-4ED8-4839-B930-067492F30A1D}"
EndProject
Global
	GlobalSection(SolutionConfigurationPlatforms) = preSolution
	Debug|Any CPU = Debug|Any CPU
	ExportDebug|Any CPU = ExportDebug|Any CPU
	ExportRelease|Any CPU = ExportRelease|Any CPU
	EndGlobalSection
	GlobalSection(ProjectConfigurationPlatforms) = postSolution
		{EECF4DF0-4ED8-4839-B930-067492F30A1D}.Debug|Any CPU.ActiveCfg = Debug|Any CPU
		{EECF4DF0-4ED8-4839-B930-067492F30A1D}.Debug|Any CPU.Build.0 = Debug|Any CPU
		{EECF4DF0-4ED8-4839-B930-067492F30A1D}.ExportDebug|Any CPU.ActiveCfg = ExportDebug|Any CPU
		{EECF4DF0-4ED8-4839-B930-067492F30A1D}.ExportDebug|Any CPU.Build.0 = ExportDebug|Any CPU
		{EECF4DF0-4ED8-4839-B930-067492F30A1D}.ExportRelease|Any CPU.ActiveCfg = ExportRelease|Any CPU
		{EECF4DF0-4ED8-4839-B930-067492F30A1D}.ExportRelease|Any CPU.Build.0 = ExportRelease|Any CPU
	EndGlobalSection
EndGlobal
